
Microsoft Visual Studio Solution File, Format Version 12.00
# Visual Studio Version 17
VisualStudioVersion = 17.7.34202.233
MinimumVisualStudioVersion = 10.0.40219.1
Project("{FAE04EC0-301F-11D3-BF4B-00C04F79EFBC}") = "SortingAlgorithms", "SortingAlgorithms.csproj", "{964B85F5-5EBB-4D28-BD0E-352BDEAEC9DD}"
EndProject
Global
	GlobalSection(SolutionConfigurationPlatforms) = preSolution
		Debug|Any CPU = Debug|Any CPU
		Release|Any CPU = Release|Any CPU
	EndGlobalSection
	GlobalSection(ProjectConfigurationPlatforms) = postSolution
		{964B85F5-5EBB-4D28-BD0E-352BDEAEC9DD}.Debug|Any CPU.ActiveCfg = Debug|Any CPU
		{964B85F5-5EBB-4D28-BD0E-352BDEAEC9DD}.Debug|Any CPU.Build.0 = Debug|Any CPU
		{964B85F5-5EBB-4D28-BD0E-352BDEAEC9DD}.Release|Any CPU.ActiveCfg = Release|Any CPU
		{964B85F5-5EBB-4D28-BD0E-352BDEAEC9DD}.Release|Any CPU.Build.0 = Release|Any CPU
	EndGlobalSection
	GlobalSection(SolutionProperties) = preSolution
		HideSolutionNode = FALSE
	EndGlobalSection
	GlobalSection(ExtensibilityGlobals) = postSolution
		SolutionGuid = {59988664-64FF-4244-8167-BAF8C2BDC3EB}
	EndGlobalSection
EndGlobal
